
Microsoft Visual Studio Solution File, Format Version 12.00
# Visual Studio Version 17
VisualStudioVersion = 17.5.33516.290
MinimumVisualStudioVersion = 10.0.40219.1
Project("{FAE04EC0-301F-11D3-BF4B-00C04F79EFBC}") = "TicTacToeClient", "TicTacToeClient\TicTacToeClient.csproj", "{0108F393-9B15-40B5-B683-350F35D3D172}"
EndProject
Global
	GlobalSection(SolutionConfigurationPlatforms) = preSolution
		Debug|Any CPU = Debug|Any CPU
		Release|Any CPU = Release|Any CPU
	EndGlobalSection
	GlobalSection(ProjectConfigurationPlatforms) = postSolution
		{0108F393-9B15-40B5-B683-350F35D3D172}.Debug|Any CPU.ActiveCfg = Debug|Any CPU
		{0108F393-9B15-40B5-B683-350F35D3D172}.Debug|Any CPU.Build.0 = Debug|Any CPU
		{0108F393-9B15-40B5-B683-350F35D3D172}.Release|Any CPU.ActiveCfg = Release|Any CPU
		{0108F393-9B15-40B5-B683-350F35D3D172}.Release|Any CPU.Build.0 = Release|Any CPU
	EndGlobalSection
	GlobalSection(SolutionProperties) = preSolution
		HideSolutionNode = FALSE
	EndGlobalSection
	GlobalSection(ExtensibilityGlobals) = postSolution
		SolutionGuid = {56D3DA00-D65B-4A84-AB12-C0C1659CD8B0}
	EndGlobalSection
EndGlobal
